
Microsoft Visual Studio Solution File, Format Version 12.00
# Visual Studio Version 17
VisualStudioVersion = 17.6.33801.468
MinimumVisualStudioVersion = 10.0.40219.1
Project("{9A19103F-16F7-4668-BE54-9A1E7A4F7556}") = "Dal", "Dall\Dal.csproj", "{34320C42-FE35-411C-B9CA-CA81E8C3A9EE}"
EndProject
Project("{9A19103F-16F7-4668-BE54-9A1E7A4F7556}") = "Bll", "Bll\Bll.csproj", "{2B973264-F06A-44AE-9734-1C667E5515F5}"
EndProject
Project("{9A19103F-16F7-4668-BE54-9A1E7A4F7556}") = "Dto", "Dto\Dto.csproj", "{F062ED8A-9916-49AB-9B7B-9C91EEA69B8D}"
EndProject
Project("{9A19103F-16F7-4668-BE54-9A1E7A4F7556}") = "ui", "ui\ui.csproj", "{11D96AC6-BBA1-4F07-B877-0C6C53CA8279}"
EndProject
Project("{FAE04EC0-301F-11D3-BF4B-00C04F79EFBC}") = "UiWebAPi", "UiWebAPi\UiWebAPi.csproj", "{97CAB6A4-B0F2-4D90-86D3-05AC5701AFE7}"
EndProject
Global
	GlobalSection(SolutionConfigurationPlatforms) = preSolution
		Debug|Any CPU = Debug|Any CPU
		Release|Any CPU = Release|Any CPU
	EndGlobalSection
	GlobalSection(ProjectConfigurationPlatforms) = postSolution
		{34320C42-FE35-411C-B9CA-CA81E8C3A9EE}.Debug|Any CPU.ActiveCfg = Debug|Any CPU
		{34320C42-FE35-411C-B9CA-CA81E8C3A9EE}.Debug|Any CPU.Build.0 = Debug|Any CPU
		{34320C42-FE35-411C-B9CA-CA81E8C3A9EE}.Release|Any CPU.ActiveCfg = Release|Any CPU
		{34320C42-FE35-411C-B9CA-CA81E8C3A9EE}.Release|Any CPU.Build.0 = Release|Any CPU
		{2B973264-F06A-44AE-9734-1C667E5515F5}.Debug|Any CPU.ActiveCfg = Debug|Any CPU
		{2B973264-F06A-44AE-9734-1C667E5515F5}.Debug|Any CPU.Build.0 = Debug|Any CPU
		{2B973264-F06A-44AE-9734-1C667E5515F5}.Release|Any CPU.ActiveCfg = Release|Any CPU
		{2B973264-F06A-44AE-9734-1C667E5515F5}.Release|Any CPU.Build.0 = Release|Any CPU
		{F062ED8A-9916-49AB-9B7B-9C91EEA69B8D}.Debug|Any CPU.ActiveCfg = Debug|Any CPU
		{F062ED8A-9916-49AB-9B7B-9C91EEA69B8D}.Debug|Any CPU.Build.0 = Debug|Any CPU
		{F062ED8A-9916-49AB-9B7B-9C91EEA69B8D}.Release|Any CPU.ActiveCfg = Release|Any CPU
		{F062ED8A-9916-49AB-9B7B-9C91EEA69B8D}.Release|Any CPU.Build.0 = Release|Any CPU
		{11D96AC6-BBA1-4F07-B877-0C6C53CA8279}.Debug|Any CPU.ActiveCfg = Debug|Any CPU
		{11D96AC6-BBA1-4F07-B877-0C6C53CA8279}.Debug|Any CPU.Build.0 = Debug|Any CPU
		{11D96AC6-BBA1-4F07-B877-0C6C53CA8279}.Release|Any CPU.ActiveCfg = Release|Any CPU
		{11D96AC6-BBA1-4F07-B877-0C6C53CA8279}.Release|Any CPU.Build.0 = Release|Any CPU
		{97CAB6A4-B0F2-4D90-86D3-05AC5701AFE7}.Debug|Any CPU.ActiveCfg = Debug|Any CPU
		{97CAB6A4-B0F2-4D90-86D3-05AC5701AFE7}.Debug|Any CPU.Build.0 = Debug|Any CPU
		{97CAB6A4-B0F2-4D90-86D3-05AC5701AFE7}.Release|Any CPU.ActiveCfg = Release|Any CPU
		{97CAB6A4-B0F2-4D90-86D3-05AC5701AFE7}.Release|Any CPU.Build.0 = Release|Any CPU
	EndGlobalSection
	GlobalSection(SolutionProperties) = preSolution
		HideSolutionNode = FALSE
	EndGlobalSection
	GlobalSection(ExtensibilityGlobals) = postSolution
		SolutionGuid = {35172693-0BF3-4A2A-8450-6D69F73F538D}
	EndGlobalSection
EndGlobal
